# THIS IS AN AUTOGENERATED FILE. DO NOT EDIT THIS FILE DIRECTLY.
# yarn lockfile v1


rollup@^0.43.0:
  version "0.43.0"
  resolved "http://registry.npm.taobao.org/rollup/download/rollup-0.43.0.tgz#b36bdb75fa5e0823b6de8aee18ff7b5655520543"
  dependencies:
    source-map-support "^0.4.0"

source-map-support@^0.4.0:
  version "0.4.15"
  resolved "http://registry.npm.taobao.org/source-map-support/download/source-map-support-0.4.15.tgz#03202df65c06d2bd8c7ec2362a193056fef8d3b1"
  dependencies:
    source-map "^0.5.6"

source-map@^0.5.6:
  version "0.5.6"
  resolved "http://registry.npm.taobao.org/source-map/download/source-map-0.5.6.tgz#75ce38f52bf0733c5a7f0c118d81334a2bb5f412"
